# This file is autogenerated, do not edit; changes may be undone by the next 'dep ensure'.


[[projects]]
  name = "github.com/carlescere/scheduler"
  packages = ["."]
  revision = "ddcf6a6be3e8bd4b480f96031d9e1f3abecf2767"
  version = "0.1"

[solve-meta]
  analyzer-name = "dep"
  analyzer-version = 1
  inputs-digest = "de2fff8c926ebf3376847a9cef8e920896a2127262def747fce074bb759d8657"
  solver-name = "gps-cdcl"
  solver-version = 1
